
Microsoft Visual Studio Solution File, Format Version 12.00
# Visual Studio 2013
VisualStudioVersion = 12.0.30501.0
MinimumVisualStudioVersion = 10.0.40219.1
Project("{F184B08F-C81C-45F6-A57F-5ABD9991F28F}") = "surfingcrApp", "surfingcrApp\surfingcrApp.vbproj", "{2751D2E3-2AAA-498D-9F74-6F9ACB8D80AB}"
EndProject
Project("{F184B08F-C81C-45F6-A57F-5ABD9991F28F}") = "surfingcrApp.Tests", "surfingcrApp.Tests\surfingcrApp.Tests.vbproj", "{771A6FE5-7A4B-4CB9-B571-17E28991A2E1}"
EndProject
Project("{F184B08F-C81C-45F6-A57F-5ABD9991F28F}") = "surfingcrAppCore", "surfingcrAppCore\surfingcrAppCore.vbproj", "{FEE48282-8479-499D-B51D-7452993AC72B}"
EndProject
Global
	GlobalSection(SolutionConfigurationPlatforms) = preSolution
		Debug|Any CPU = Debug|Any CPU
		Release|Any CPU = Release|Any CPU
	EndGlobalSection
	GlobalSection(ProjectConfigurationPlatforms) = postSolution
		{2751D2E3-2AAA-498D-9F74-6F9ACB8D80AB}.Debug|Any CPU.ActiveCfg = Debug|Any CPU
		{2751D2E3-2AAA-498D-9F74-6F9ACB8D80AB}.Debug|Any CPU.Build.0 = Debug|Any CPU
		{2751D2E3-2AAA-498D-9F74-6F9ACB8D80AB}.Release|Any CPU.ActiveCfg = Release|Any CPU
		{2751D2E3-2AAA-498D-9F74-6F9ACB8D80AB}.Release|Any CPU.Build.0 = Release|Any CPU
		{771A6FE5-7A4B-4CB9-B571-17E28991A2E1}.Debug|Any CPU.ActiveCfg = Debug|Any CPU
		{771A6FE5-7A4B-4CB9-B571-17E28991A2E1}.Debug|Any CPU.Build.0 = Debug|Any CPU
		{771A6FE5-7A4B-4CB9-B571-17E28991A2E1}.Release|Any CPU.ActiveCfg = Release|Any CPU
		{771A6FE5-7A4B-4CB9-B571-17E28991A2E1}.Release|Any CPU.Build.0 = Release|Any CPU
		{FEE48282-8479-499D-B51D-7452993AC72B}.Debug|Any CPU.ActiveCfg = Debug|Any CPU
		{FEE48282-8479-499D-B51D-7452993AC72B}.Debug|Any CPU.Build.0 = Debug|Any CPU
		{FEE48282-8479-499D-B51D-7452993AC72B}.Release|Any CPU.ActiveCfg = Release|Any CPU
		{FEE48282-8479-499D-B51D-7452993AC72B}.Release|Any CPU.Build.0 = Release|Any CPU
	EndGlobalSection
	GlobalSection(SolutionProperties) = preSolution
		HideSolutionNode = FALSE
	EndGlobalSection
EndGlobal
